
Microsoft Visual Studio Solution File, Format Version 12.00
# Visual Studio Version 16
VisualStudioVersion = 16.0.30204.135
MinimumVisualStudioVersion = 10.0.40219.1
Project("{FAE04EC0-301F-11D3-BF4B-00C04F79EFBC}") = "DL", "DL\DL.csproj", "{62CA8DE5-D297-4CB1-B44F-ADB82FC38F9F}"
EndProject
Project("{FAE04EC0-301F-11D3-BF4B-00C04F79EFBC}") = "BL", "BL\BL.csproj", "{D34850B0-5067-4175-ABD6-D886416FDC5C}"
EndProject
Project("{FAE04EC0-301F-11D3-BF4B-00C04F79EFBC}") = "ML", "ML\ML.csproj", "{094AB5C1-29D0-42C2-BA39-873DD528284B}"
EndProject
Project("{FAE04EC0-301F-11D3-BF4B-00C04F79EFBC}") = "PL", "PL\PL.csproj", "{B5A1CA86-6326-4B1C-8274-F13E9CFEFEC1}"
EndProject
Global
	GlobalSection(SolutionConfigurationPlatforms) = preSolution
		Debug|Any CPU = Debug|Any CPU
		Release|Any CPU = Release|Any CPU
	EndGlobalSection
	GlobalSection(ProjectConfigurationPlatforms) = postSolution
		{62CA8DE5-D297-4CB1-B44F-ADB82FC38F9F}.Debug|Any CPU.ActiveCfg = Debug|Any CPU
		{62CA8DE5-D297-4CB1-B44F-ADB82FC38F9F}.Debug|Any CPU.Build.0 = Debug|Any CPU
		{62CA8DE5-D297-4CB1-B44F-ADB82FC38F9F}.Release|Any CPU.ActiveCfg = Release|Any CPU
		{62CA8DE5-D297-4CB1-B44F-ADB82FC38F9F}.Release|Any CPU.Build.0 = Release|Any CPU
		{D34850B0-5067-4175-ABD6-D886416FDC5C}.Debug|Any CPU.ActiveCfg = Debug|Any CPU
		{D34850B0-5067-4175-ABD6-D886416FDC5C}.Debug|Any CPU.Build.0 = Debug|Any CPU
		{D34850B0-5067-4175-ABD6-D886416FDC5C}.Release|Any CPU.ActiveCfg = Release|Any CPU
		{D34850B0-5067-4175-ABD6-D886416FDC5C}.Release|Any CPU.Build.0 = Release|Any CPU
		{094AB5C1-29D0-42C2-BA39-873DD528284B}.Debug|Any CPU.ActiveCfg = Debug|Any CPU
		{094AB5C1-29D0-42C2-BA39-873DD528284B}.Debug|Any CPU.Build.0 = Debug|Any CPU
		{094AB5C1-29D0-42C2-BA39-873DD528284B}.Release|Any CPU.ActiveCfg = Release|Any CPU
		{094AB5C1-29D0-42C2-BA39-873DD528284B}.Release|Any CPU.Build.0 = Release|Any CPU
		{B5A1CA86-6326-4B1C-8274-F13E9CFEFEC1}.Debug|Any CPU.ActiveCfg = Debug|Any CPU
		{B5A1CA86-6326-4B1C-8274-F13E9CFEFEC1}.Debug|Any CPU.Build.0 = Debug|Any CPU
		{B5A1CA86-6326-4B1C-8274-F13E9CFEFEC1}.Release|Any CPU.ActiveCfg = Release|Any CPU
		{B5A1CA86-6326-4B1C-8274-F13E9CFEFEC1}.Release|Any CPU.Build.0 = Release|Any CPU
	EndGlobalSection
	GlobalSection(SolutionProperties) = preSolution
		HideSolutionNode = FALSE
	EndGlobalSection
	GlobalSection(ExtensibilityGlobals) = postSolution
		SolutionGuid = {87A6F928-685E-4F2E-89DC-70121241478B}
	EndGlobalSection
EndGlobal
